
Microsoft Visual Studio Solution File, Format Version 12.00
# Visual Studio Version 17
VisualStudioVersion = 17.12.35707.178
MinimumVisualStudioVersion = 10.0.40219.1
Project("{8BC9CEB8-8B4A-11D0-8D11-00A0C91BC942}") = "Day1_1", "Day1_1\Day1_1.vcxproj", "{07E1B947-F5D9-4205-B9A7-FB26631098AF}"
EndProject
Project("{8BC9CEB8-8B4A-11D0-8D11-00A0C91BC942}") = "Day1_2", "Day1_2\Day1_2.vcxproj", "{709774C6-9C0F-4431-BEBF-B1CE01B0D60D}"
EndProject
Project("{8BC9CEB8-8B4A-11D0-8D11-00A0C91BC942}") = "Day2_1", "Day2_1\Day2_1.vcxproj", "{BD273388-8CD6-47DD-A8D4-FC3910AEE219}"
EndProject
Project("{8BC9CEB8-8B4A-11D0-8D11-00A0C91BC942}") = "Day2_2", "Day2_2\Day2_2.vcxproj", "{E6145006-36B5-413C-8BD0-49089F073954}"
EndProject
Project("{8BC9CEB8-8B4A-11D0-8D11-00A0C91BC942}") = "Day3_1", "Day3_1\Day3_1.vcxproj", "{D13D6F7C-56C3-4A4A-B8F1-454427D2D42A}"
EndProject
Project("{8BC9CEB8-8B4A-11D0-8D11-00A0C91BC942}") = "Day3_2", "Day3_2\Day3_2.vcxproj", "{AD9FE3C6-5305-4FFD-B491-DDC5542BACF7}"
EndProject
Global
	GlobalSection(SolutionConfigurationPlatforms) = preSolution
		Debug|x64 = Debug|x64
		Debug|x86 = Debug|x86
		Release|x64 = Release|x64
		Release|x86 = Release|x86
	EndGlobalSection
	GlobalSection(ProjectConfigurationPlatforms) = postSolution
		{07E1B947-F5D9-4205-B9A7-FB26631098AF}.Debug|x64.ActiveCfg = Debug|x64
		{07E1B947-F5D9-4205-B9A7-FB26631098AF}.Debug|x64.Build.0 = Debug|x64
		{07E1B947-F5D9-4205-B9A7-FB26631098AF}.Debug|x86.ActiveCfg = Debug|Win32
		{07E1B947-F5D9-4205-B9A7-FB26631098AF}.Debug|x86.Build.0 = Debug|Win32
		{07E1B947-F5D9-4205-B9A7-FB26631098AF}.Release|x64.ActiveCfg = Release|x64
		{07E1B947-F5D9-4205-B9A7-FB26631098AF}.Release|x64.Build.0 = Release|x64
		{07E1B947-F5D9-4205-B9A7-FB26631098AF}.Release|x86.ActiveCfg = Release|Win32
		{07E1B947-F5D9-4205-B9A7-FB26631098AF}.Release|x86.Build.0 = Release|Win32
		{709774C6-9C0F-4431-BEBF-B1CE01B0D60D}.Debug|x64.ActiveCfg = Debug|x64
		{709774C6-9C0F-4431-BEBF-B1CE01B0D60D}.Debug|x64.Build.0 = Debug|x64
		{709774C6-9C0F-4431-BEBF-B1CE01B0D60D}.Debug|x86.ActiveCfg = Debug|Win32
		{709774C6-9C0F-4431-BEBF-B1CE01B0D60D}.Debug|x86.Build.0 = Debug|Win32
		{709774C6-9C0F-4431-BEBF-B1CE01B0D60D}.Release|x64.ActiveCfg = Release|x64
		{709774C6-9C0F-4431-BEBF-B1CE01B0D60D}.Release|x64.Build.0 = Release|x64
		{709774C6-9C0F-4431-BEBF-B1CE01B0D60D}.Release|x86.ActiveCfg = Release|Win32
		{709774C6-9C0F-4431-BEBF-B1CE01B0D60D}.Release|x86.Build.0 = Release|Win32
		{BD273388-8CD6-47DD-A8D4-FC3910AEE219}.Debug|x64.ActiveCfg = Debug|x64
		{BD273388-8CD6-47DD-A8D4-FC3910AEE219}.Debug|x64.Build.0 = Debug|x64
		{BD273388-8CD6-47DD-A8D4-FC3910AEE219}.Debug|x86.ActiveCfg = Debug|Win32
		{BD273388-8CD6-47DD-A8D4-FC3910AEE219}.Debug|x86.Build.0 = Debug|Win32
		{BD273388-8CD6-47DD-A8D4-FC3910AEE219}.Release|x64.ActiveCfg = Release|x64
		{BD273388-8CD6-47DD-A8D4-FC3910AEE219}.Release|x64.Build.0 = Release|x64
		{BD273388-8CD6-47DD-A8D4-FC3910AEE219}.Release|x86.ActiveCfg = Release|Win32
		{BD273388-8CD6-47DD-A8D4-FC3910AEE219}.Release|x86.Build.0 = Release|Win32
		{E6145006-36B5-413C-8BD0-49089F073954}.Debug|x64.ActiveCfg = Debug|x64
		{E6145006-36B5-413C-8BD0-49089F073954}.Debug|x64.Build.0 = Debug|x64
		{E6145006-36B5-413C-8BD0-49089F073954}.Debug|x86.ActiveCfg = Debug|Win32
		{E6145006-36B5-413C-8BD0-49089F073954}.Debug|x86.Build.0 = Debug|Win32
		{E6145006-36B5-413C-8BD0-49089F073954}.Release|x64.ActiveCfg = Release|x64
		{E6145006-36B5-413C-8BD0-49089F073954}.Release|x64.Build.0 = Release|x64
		{E6145006-36B5-413C-8BD0-49089F073954}.Release|x86.ActiveCfg = Release|Win32
		{E6145006-36B5-413C-8BD0-49089F073954}.Release|x86.Build.0 = Release|Win32
		{D13D6F7C-56C3-4A4A-B8F1-454427D2D42A}.Debug|x64.ActiveCfg = Debug|x64
		{D13D6F7C-56C3-4A4A-B8F1-454427D2D42A}.Debug|x64.Build.0 = Debug|x64
		{D13D6F7C-56C3-4A4A-B8F1-454427D2D42A}.Debug|x86.ActiveCfg = Debug|Win32
		{D13D6F7C-56C3-4A4A-B8F1-454427D2D42A}.Debug|x86.Build.0 = Debug|Win32
		{D13D6F7C-56C3-4A4A-B8F1-454427D2D42A}.Release|x64.ActiveCfg = Release|x64
		{D13D6F7C-56C3-4A4A-B8F1-454427D2D42A}.Release|x64.Build.0 = Release|x64
		{D13D6F7C-56C3-4A4A-B8F1-454427D2D42A}.Release|x86.ActiveCfg = Release|Win32
		{D13D6F7C-56C3-4A4A-B8F1-454427D2D42A}.Release|x86.Build.0 = Release|Win32
		{AD9FE3C6-5305-4FFD-B491-DDC5542BACF7}.Debug|x64.ActiveCfg = Debug|x64
		{AD9FE3C6-5305-4FFD-B491-DDC5542BACF7}.Debug|x64.Build.0 = Debug|x64
		{AD9FE3C6-5305-4FFD-B491-DDC5542BACF7}.Debug|x86.ActiveCfg = Debug|Win32
		{AD9FE3C6-5305-4FFD-B491-DDC5542BACF7}.Debug|x86.Build.0 = Debug|Win32
		{AD9FE3C6-5305-4FFD-B491-DDC5542BACF7}.Release|x64.ActiveCfg = Release|x64
		{AD9FE3C6-5305-4FFD-B491-DDC5542BACF7}.Release|x64.Build.0 = Release|x64
		{AD9FE3C6-5305-4FFD-B491-DDC5542BACF7}.Release|x86.ActiveCfg = Release|Win32
		{AD9FE3C6-5305-4FFD-B491-DDC5542BACF7}.Release|x86.Build.0 = Release|Win32
	EndGlobalSection
	GlobalSection(SolutionProperties) = preSolution
		HideSolutionNode = FALSE
	EndGlobalSection
EndGlobal
